
Microsoft Visual Studio Solution File, Format Version 12.00
# Visual Studio Version 16
VisualStudioVersion = 16.0.31613.86
MinimumVisualStudioVersion = 10.0.40219.1
Project("{FAE04EC0-301F-11D3-BF4B-00C04F79EFBC}") = "Unlock_Pattern_2", "Unlock_Pattern_2.csproj", "{23B50119-B3D2-40B7-A1A7-42FAAE1854BE}"
EndProject
Global
	GlobalSection(SolutionConfigurationPlatforms) = preSolution
		Debug|Any CPU = Debug|Any CPU
		Release|Any CPU = Release|Any CPU
	EndGlobalSection
	GlobalSection(ProjectConfigurationPlatforms) = postSolution
		{23B50119-B3D2-40B7-A1A7-42FAAE1854BE}.Debug|Any CPU.ActiveCfg = Debug|Any CPU
		{23B50119-B3D2-40B7-A1A7-42FAAE1854BE}.Debug|Any CPU.Build.0 = Debug|Any CPU
		{23B50119-B3D2-40B7-A1A7-42FAAE1854BE}.Release|Any CPU.ActiveCfg = Release|Any CPU
		{23B50119-B3D2-40B7-A1A7-42FAAE1854BE}.Release|Any CPU.Build.0 = Release|Any CPU
	EndGlobalSection
	GlobalSection(SolutionProperties) = preSolution
		HideSolutionNode = FALSE
	EndGlobalSection
	GlobalSection(ExtensibilityGlobals) = postSolution
		SolutionGuid = {E2822123-D70F-439E-B18F-E52B0EB75912}
	EndGlobalSection
EndGlobal
